
Microsoft Visual Studio Solution File, Format Version 12.00
# Visual Studio Version 17
VisualStudioVersion = 17.8.34322.80
MinimumVisualStudioVersion = 10.0.40219.1
Project("{9A19103F-16F7-4668-BE54-9A1E7A4F7556}") = "Web", "Web\Web.csproj", "{6809BFE1-4B0F-49D0-B908-A50AEC842DAE}"
EndProject
Project("{9A19103F-16F7-4668-BE54-9A1E7A4F7556}") = "TestProject", "TestProject\TestProject.csproj", "{669CC460-F50D-42FA-B9EF-DEA81BAFA955}"
EndProject
Project("{54A90642-561A-4BB1-A94E-469ADEE60C69}") = "AngularFrontProject", "AngularFrontProject\AngularFrontProject.esproj", "{52BAB648-B20F-4E3F-B1A2-54A4AB53144B}"
EndProject
Global
	GlobalSection(SolutionConfigurationPlatforms) = preSolution
		Debug|Any CPU = Debug|Any CPU
		Release|Any CPU = Release|Any CPU
	EndGlobalSection
	GlobalSection(ProjectConfigurationPlatforms) = postSolution
		{6809BFE1-4B0F-49D0-B908-A50AEC842DAE}.Debug|Any CPU.ActiveCfg = Debug|Any CPU
		{6809BFE1-4B0F-49D0-B908-A50AEC842DAE}.Debug|Any CPU.Build.0 = Debug|Any CPU
		{6809BFE1-4B0F-49D0-B908-A50AEC842DAE}.Release|Any CPU.ActiveCfg = Release|Any CPU
		{6809BFE1-4B0F-49D0-B908-A50AEC842DAE}.Release|Any CPU.Build.0 = Release|Any CPU
		{669CC460-F50D-42FA-B9EF-DEA81BAFA955}.Debug|Any CPU.ActiveCfg = Debug|Any CPU
		{669CC460-F50D-42FA-B9EF-DEA81BAFA955}.Debug|Any CPU.Build.0 = Debug|Any CPU
		{669CC460-F50D-42FA-B9EF-DEA81BAFA955}.Release|Any CPU.ActiveCfg = Release|Any CPU
		{669CC460-F50D-42FA-B9EF-DEA81BAFA955}.Release|Any CPU.Build.0 = Release|Any CPU
		{52BAB648-B20F-4E3F-B1A2-54A4AB53144B}.Debug|Any CPU.ActiveCfg = Debug|Any CPU
		{52BAB648-B20F-4E3F-B1A2-54A4AB53144B}.Debug|Any CPU.Build.0 = Debug|Any CPU
		{52BAB648-B20F-4E3F-B1A2-54A4AB53144B}.Debug|Any CPU.Deploy.0 = Debug|Any CPU
		{52BAB648-B20F-4E3F-B1A2-54A4AB53144B}.Release|Any CPU.ActiveCfg = Release|Any CPU
		{52BAB648-B20F-4E3F-B1A2-54A4AB53144B}.Release|Any CPU.Build.0 = Release|Any CPU
		{52BAB648-B20F-4E3F-B1A2-54A4AB53144B}.Release|Any CPU.Deploy.0 = Release|Any CPU
	EndGlobalSection
	GlobalSection(SolutionProperties) = preSolution
		HideSolutionNode = FALSE
	EndGlobalSection
	GlobalSection(ExtensibilityGlobals) = postSolution
		SolutionGuid = {16A663BA-78D9-4EF6-BB66-9999BCE12066}
	EndGlobalSection
EndGlobal
